{
  "name": "Enterprise RAG",
  "lockfileVersion": 3,
  "requires": true,
  "packages": {
    "": {
      "dependencies": {
        "@openrouter/sdk": "^1.2.18"
      }
    },
    "node_modules/@openrouter/sdk": {
      "version": "1.2.18",
      "resolved": "https://registry.npmjs.org/@openrouter/sdk/-/sdk-1.2.18.tgz",
      "integrity": "sha512-DuahiTfiJZr2V7NvO1Ddz9wJFVdn1FH9CtR3G5BZR9mhi5zKp9f2xhUCS/5pKtex7I5w1pygHajywBmXlDGOIg==",
      "hasInstallScript": true,
      "license": "Apache-2.0",
      "dependencies": {
        "zod": "^3.25.0 || ^4.0.0"
      }
    },
    "node_modules/zod": {
      "version": "4.4.3",
      "resolved": "https://registry.npmjs.org/zod/-/zod-4.4.3.tgz",
      "integrity": "sha512-ytENFjIJFl2UwYglde2jchW2Hwm4GJFLDiSXWdTrJQBIN9Fcyp7n4DhxJEiWNAJMV1/BqWfW/kkg71UDcHJyTQ==",
      "license": "MIT",
      "funding": {
        "url": "https://github.com/sponsors/colinhacks"
      }
    }
  }
}
