# Enterprise RAG direct dependency lock — 2026-10-08
#
# Pins every top-level dependency used by the repository.
# Runtime dependencies live in requirements.txt; test tooling lives in
# requirements-dev.txt.
#
# NOTE: this is a direct-dependency lock, not a complete transitive lock.
# A release-grade transitive lock must be generated by uv/pip-tools in CI.
# Python runtime: 3.12

fastapi==0.128.2
uvicorn[standard]==0.48.0
pydantic==2.13.5
python-dotenv==1.2.2
python-multipart==0.0.29
requests==2.32.5
numpy==2.3.5
faiss-cpu==1.15.1
sentence-transformers==5.7.0
rank-bm25==0.2.2
langchain-text-splitters==1.1.3
PyMuPDF==1.26.7
pytesseract==0.3.13
Pillow==12.3.0
openai==2.45.0
supabase==2.32.0
